
Microsoft Visual Studio Solution File, Format Version 12.00
# Visual Studio Version 16
VisualStudioVersion = 25.0.1706.7
MinimumVisualStudioVersion = 10.0.40219.1
Project("{FAE04EC0-301F-11D3-BF4B-00C04F79EFBC}") = "ui", "ui\ui.csproj", "{6120D022-2E9A-4447-933C-642733097A0A}"
EndProject
Global
	GlobalSection(SolutionConfigurationPlatforms) = preSolution
		Debug|Any CPU = Debug|Any CPU
		Release|Any CPU = Release|Any CPU
	EndGlobalSection
	GlobalSection(ProjectConfigurationPlatforms) = postSolution
		{6120D022-2E9A-4447-933C-642733097A0A}.Debug|Any CPU.ActiveCfg = Debug|Any CPU
		{6120D022-2E9A-4447-933C-642733097A0A}.Debug|Any CPU.Build.0 = Debug|Any CPU
		{6120D022-2E9A-4447-933C-642733097A0A}.Release|Any CPU.ActiveCfg = Release|Any CPU
		{6120D022-2E9A-4447-933C-642733097A0A}.Release|Any CPU.Build.0 = Release|Any CPU
	EndGlobalSection
	GlobalSection(SolutionProperties) = preSolution
		HideSolutionNode = FALSE
	EndGlobalSection
	GlobalSection(ExtensibilityGlobals) = postSolution
		SolutionGuid = {CE9AF162-6E44-4463-9223-F27798B347F4}
	EndGlobalSection
EndGlobal
